
Microsoft Visual Studio Solution File, Format Version 12.00
# Visual Studio Version 17
VisualStudioVersion = 17.8.34309.116
MinimumVisualStudioVersion = 10.0.40219.1
Project("{FAE04EC0-301F-11D3-BF4B-00C04F79EFBC}") = "RealEstate", "RealEstate\RealEstate.csproj", "{305FE00B-993B-444A-BB5A-FD51F76B21C4}"
EndProject
Project("{FAE04EC0-301F-11D3-BF4B-00C04F79EFBC}") = "RealEstate.Models", "RealEstate.Models\RealEstate.Models.csproj", "{2108CF3F-BB98-46AE-B749-5E4CCEBB2B44}"
EndProject
Project("{FAE04EC0-301F-11D3-BF4B-00C04F79EFBC}") = "RealEstate.Repositories", "RealEstate.Repositories\RealEstate.Repositories.csproj", "{E6545B2B-84E5-4CEB-A1F0-F47FA58C4AB0}"
EndProject
Global
	GlobalSection(SolutionConfigurationPlatforms) = preSolution
		Debug|Any CPU = Debug|Any CPU
		Release|Any CPU = Release|Any CPU
	EndGlobalSection
	GlobalSection(ProjectConfigurationPlatforms) = postSolution
		{305FE00B-993B-444A-BB5A-FD51F76B21C4}.Debug|Any CPU.ActiveCfg = Debug|Any CPU
		{305FE00B-993B-444A-BB5A-FD51F76B21C4}.Debug|Any CPU.Build.0 = Debug|Any CPU
		{305FE00B-993B-444A-BB5A-FD51F76B21C4}.Release|Any CPU.ActiveCfg = Release|Any CPU
		{305FE00B-993B-444A-BB5A-FD51F76B21C4}.Release|Any CPU.Build.0 = Release|Any CPU
		{2108CF3F-BB98-46AE-B749-5E4CCEBB2B44}.Debug|Any CPU.ActiveCfg = Debug|Any CPU
		{2108CF3F-BB98-46AE-B749-5E4CCEBB2B44}.Debug|Any CPU.Build.0 = Debug|Any CPU
		{2108CF3F-BB98-46AE-B749-5E4CCEBB2B44}.Release|Any CPU.ActiveCfg = Release|Any CPU
		{2108CF3F-BB98-46AE-B749-5E4CCEBB2B44}.Release|Any CPU.Build.0 = Release|Any CPU
		{E6545B2B-84E5-4CEB-A1F0-F47FA58C4AB0}.Debug|Any CPU.ActiveCfg = Debug|Any CPU
		{E6545B2B-84E5-4CEB-A1F0-F47FA58C4AB0}.Debug|Any CPU.Build.0 = Debug|Any CPU
		{E6545B2B-84E5-4CEB-A1F0-F47FA58C4AB0}.Release|Any CPU.ActiveCfg = Release|Any CPU
		{E6545B2B-84E5-4CEB-A1F0-F47FA58C4AB0}.Release|Any CPU.Build.0 = Release|Any CPU
	EndGlobalSection
	GlobalSection(SolutionProperties) = preSolution
		HideSolutionNode = FALSE
	EndGlobalSection
	GlobalSection(ExtensibilityGlobals) = postSolution
		SolutionGuid = {7A525217-0A42-4D53-BFFA-08401D7DD7B9}
	EndGlobalSection
EndGlobal
